
Microsoft Visual Studio Solution File, Format Version 12.00
# Visual Studio Version 17
VisualStudioVersion = 17.1.32414.318
MinimumVisualStudioVersion = 10.0.40219.1
Project("{FAE04EC0-301F-11D3-BF4B-00C04F79EFBC}") = "Craftsmen.Domain", "Craftsmen.Domain\Craftsmen.Domain.csproj", "{AA436FAC-22AE-4257-AFD5-4CA6FB5417C0}"
EndProject
Project("{FAE04EC0-301F-11D3-BF4B-00C04F79EFBC}") = "Craftsmen.Infrastructure", "Craftsmen.Infrastructure\Craftsmen.Infrastructure.csproj", "{350191B4-3371-4409-8602-231C0268FEF3}"
EndProject
Project("{FAE04EC0-301F-11D3-BF4B-00C04F79EFBC}") = "Craftsmen.Api", "Craftsmen.Api\Craftsmen.Api.csproj", "{7536AB18-77B3-4944-85BE-9A97D23157B6}"
EndProject
Global
	GlobalSection(SolutionConfigurationPlatforms) = preSolution
		Debug|Any CPU = Debug|Any CPU
		Release|Any CPU = Release|Any CPU
	EndGlobalSection
	GlobalSection(ProjectConfigurationPlatforms) = postSolution
		{AA436FAC-22AE-4257-AFD5-4CA6FB5417C0}.Debug|Any CPU.ActiveCfg = Debug|Any CPU
		{AA436FAC-22AE-4257-AFD5-4CA6FB5417C0}.Debug|Any CPU.Build.0 = Debug|Any CPU
		{AA436FAC-22AE-4257-AFD5-4CA6FB5417C0}.Release|Any CPU.ActiveCfg = Release|Any CPU
		{AA436FAC-22AE-4257-AFD5-4CA6FB5417C0}.Release|Any CPU.Build.0 = Release|Any CPU
		{350191B4-3371-4409-8602-231C0268FEF3}.Debug|Any CPU.ActiveCfg = Debug|Any CPU
		{350191B4-3371-4409-8602-231C0268FEF3}.Debug|Any CPU.Build.0 = Debug|Any CPU
		{350191B4-3371-4409-8602-231C0268FEF3}.Release|Any CPU.ActiveCfg = Release|Any CPU
		{350191B4-3371-4409-8602-231C0268FEF3}.Release|Any CPU.Build.0 = Release|Any CPU
		{7536AB18-77B3-4944-85BE-9A97D23157B6}.Debug|Any CPU.ActiveCfg = Debug|Any CPU
		{7536AB18-77B3-4944-85BE-9A97D23157B6}.Debug|Any CPU.Build.0 = Debug|Any CPU
		{7536AB18-77B3-4944-85BE-9A97D23157B6}.Release|Any CPU.ActiveCfg = Release|Any CPU
		{7536AB18-77B3-4944-85BE-9A97D23157B6}.Release|Any CPU.Build.0 = Release|Any CPU
	EndGlobalSection
	GlobalSection(SolutionProperties) = preSolution
		HideSolutionNode = FALSE
	EndGlobalSection
	GlobalSection(ExtensibilityGlobals) = postSolution
		SolutionGuid = {BC006042-7E70-4465-8BC6-FBB2F043A6BA}
	EndGlobalSection
EndGlobal
